
Microsoft Visual Studio Solution File, Format Version 12.00
# Visual Studio 2012
Project("{FAE04EC0-301F-11D3-BF4B-00C04F79EFBC}") = "USCWebsite", "USCWebsite.csproj", "{C4F34337-7E10-43E2-952B-34114C311307}"
EndProject
Global
	GlobalSection(SolutionConfigurationPlatforms) = preSolution
		Debug|Any CPU = Debug|Any CPU
		Release|Any CPU = Release|Any CPU
	EndGlobalSection
	GlobalSection(ProjectConfigurationPlatforms) = postSolution
		{C4F34337-7E10-43E2-952B-34114C311307}.Debug|Any CPU.ActiveCfg = Debug|Any CPU
		{C4F34337-7E10-43E2-952B-34114C311307}.Debug|Any CPU.Build.0 = Debug|Any CPU
		{C4F34337-7E10-43E2-952B-34114C311307}.Release|Any CPU.ActiveCfg = Release|Any CPU
		{C4F34337-7E10-43E2-952B-34114C311307}.Release|Any CPU.Build.0 = Release|Any CPU
	EndGlobalSection
EndGlobal
